Microsoft Visual Studio Solution File, Format Version 12.00
# Visual Studio Version 17
VisualStudioVersion = 17.5.2.0
MinimumVisualStudioVersion = 10.0.40219.1
Project("{FAE04EC0-301F-11D3-BF4B-00C04F79EFBC}") = "pizzashop", "pizzashop.csproj", "{50A5CE94-BDC6-BB4E-BA3E-EC4AF877370A}"
EndProject
Global
	GlobalSection(SolutionConfigurationPlatforms) = preSolution
		Debug|Any CPU = Debug|Any CPU
		Release|Any CPU = Release|Any CPU
	EndGlobalSection
	GlobalSection(ProjectConfigurationPlatforms) = postSolution
		{50A5CE94-BDC6-BB4E-BA3E-EC4AF877370A}.Debug|Any CPU.ActiveCfg = Debug|Any CPU
		{50A5CE94-BDC6-BB4E-BA3E-EC4AF877370A}.Debug|Any CPU.Build.0 = Debug|Any CPU
		{50A5CE94-BDC6-BB4E-BA3E-EC4AF877370A}.Release|Any CPU.ActiveCfg = Release|Any CPU
		{50A5CE94-BDC6-BB4E-BA3E-EC4AF877370A}.Release|Any CPU.Build.0 = Release|Any CPU
	EndGlobalSection
	GlobalSection(SolutionProperties) = preSolution
		HideSolutionNode = FALSE
	EndGlobalSection
	GlobalSection(ExtensibilityGlobals) = postSolution
		SolutionGuid = {795589A2-676C-4411-92D1-CA3DEEE71362}
	EndGlobalSection
EndGlobal
